{
  "version": 4,
  "terraform_version": "1.8.5",
  "serial": 20,
  "lineage": "89dff0ce-0f7a-57db-0c8b-c02067b42865",
  "outputs": {},
  "resources": [
    {
      "mode": "managed",
      "type": "fly_app",
      "name": "minecraft",
      "provider": "provider[\"registry.terraform.io/andrewbaxter/fly\"]",
      "instances": [
        {
          "schema_version": 0,
          "attributes": {
            "app_url": "https://109.105.222.56",
            "assign_shared_ip_address": false,
            "id": "seve-minecraft",
            "name": "seve-minecraft",
            "org": "personal",
            "org_id": "m8Y4w6lakLYJ3IxRnJ48ML6Bb8U464KxP",
            "shared_ip_address": ""
          },
          "sensitive_attributes": []
        }
      ]
    },
    {
      "mode": "managed",
      "type": "fly_ip",
      "name": "mcIP",
      "provider": "provider[\"registry.terraform.io/andrewbaxter/fly\"]",
      "instances": [
        {
          "schema_version": 0,
          "attributes": {
            "address": "109.105.222.56",
            "app": "seve-minecraft",
            "id": "ip_ly4m2nvrzvk1k3oe",
            "region": "global",
            "type": "v4"
          },
          "sensitive_attributes": [],
          "dependencies": [
            "fly_app.minecraft"
          ]
        }
      ]
    },
    {
      "mode": "managed",
      "type": "fly_machine",
      "name": "mcServer",
      "provider": "provider[\"registry.terraform.io/andrewbaxter/fly\"]",
      "instances": [
        {
          "schema_version": 0,
          "attributes": {
            "app": "seve-minecraft",
            "auto_destroy": false,
            "cmd": null,
            "cpu_type": "shared",
            "cpus": 4,
            "entrypoint": null,
            "env": {
              "AUTOSTOP_PKILL_USE_SUDO": "TRUE",
              "AUTOSTOP_TIMEOUT_EST": "120",
              "AUTOSTOP_TIMEOUT_INIT": "120",
              "ENABLE_AUTOSTOP": "TRUE",
              "ENFORCE_WHITELIST": "TRUE",
              "EULA": "TRUE",
              "EXISTING_WHITELIST_FILE": "SYNCHRONIZE",
              "MEMORY": "7G",
              "MODRINTH_DOWNLOAD_DEPENDENCIES": "optional",
              "MODRINTH_MODPACK": "https://modrinth.com/modpack/sop",
              "MODRINTH_PROJECTS": "plasmo-voice, double-doors, villager-names-serilum, universal-graves, styled-nicknames",
              "OPS": "S33V",
              "TYPE": "MODRINTH",
              "WHITELIST_FILE": "https://github.com/seve/minecraft-server/raw/main/whitelist.txt"
            },
            "exec": null,
            "id": "90801e4df53328",
            "image": "itzg/minecraft-server:latest",
            "memory": 8192,
            "mounts": [
              {
                "path": "/data",
                "volume": "vol_r1pn003xkoln01zr"
              }
            ],
            "name": "mc-server",
            "private_ip": "fdaa:9:1978:a7b:2af:e7ec:a5a1:2",
            "region": "sjc",
            "services": [
              {
                "internal_port": 25565,
                "ports": [
                  {
                    "force_https": false,
                    "handlers": null,
                    "port": 25565
                  }
                ],
                "protocol": "tcp"
              }
            ]
          },
          "sensitive_attributes": [],
          "dependencies": [
            "fly_app.minecraft",
            "fly_volume.mc_volume"
          ]
        }
      ]
    },
    {
      "mode": "managed",
      "type": "fly_volume",
      "name": "mc_volume",
      "provider": "provider[\"registry.terraform.io/andrewbaxter/fly\"]",
      "instances": [
        {
          "schema_version": 0,
          "attributes": {
            "app": "seve-minecraft",
            "encrypted": true,
            "id": "vol_r1pn003xkoln01zr",
            "name": "mc_volume",
            "region": "sjc",
            "size": 15
          },
          "sensitive_attributes": [],
          "dependencies": [
            "fly_app.minecraft"
          ]
        }
      ]
    }
  ],
  "check_results": null
}
